
Microsoft Visual Studio Solution File, Format Version 12.00
# Visual Studio Version 17
VisualStudioVersion = 17.0.31903.59
MinimumVisualStudioVersion = 10.0.40219.1
Project("{9A19103F-16F7-4668-BE54-9A1E7A4F7556}") = "Sage.Engine", "Sage.Engine\Sage.Engine.csproj", "{5F3C4C0B-0845-4602-B1BD-3C28FA048365}"
EndProject
Project("{9A19103F-16F7-4668-BE54-9A1E7A4F7556}") = "Sage.Engine.Tests", "Sage.Engine.Tests\Sage.Engine.Tests.csproj", "{44035D51-DF2A-4CDF-B71F-515FEA567885}"
EndProject
Project("{2150E333-8FDC-42A3-9474-1A3956D46DE8}") = "Solution Items", "Solution Items", "{35C6E507-5522-42F3-AE87-5CFFA4A7846E}"
	ProjectSection(SolutionItems) = preProject
		..\.editorconfig = ..\.editorconfig
	EndProjectSection
EndProject
Project("{9A19103F-16F7-4668-BE54-9A1E7A4F7556}") = "Sage.Webhost", "Sage.Webhost\Sage.Webhost.csproj", "{3A667932-4756-4F6D-9619-812CA002B2B0}"
EndProject
Project("{9A19103F-16F7-4668-BE54-9A1E7A4F7556}") = "GenerateComparisonCorpusTesting", "GenerateComparisonCorpusTesting\GenerateComparisonCorpusTesting.csproj", "{901F09B5-E27E-4E94-9CC3-560784D73E53}"
EndProject
Project("{9A19103F-16F7-4668-BE54-9A1E7A4F7556}") = "Sage.Engine.InMemoryData", "Sage.Engine.Data\Sage.Engine.InMemoryData.csproj", "{BEDD5FF0-4677-4EC0-A984-ECD19B9FB63B}"
EndProject
Project("{9A19103F-16F7-4668-BE54-9A1E7A4F7556}") = "Sage.PackageManager", "Sage.PackageManager\Sage.PackageManager.csproj", "{19767037-EBDC-46F2-B017-8B5EC6A04802}"
EndProject
Project("{FAE04EC0-301F-11D3-BF4B-00C04F79EFBC}") = "Sage.PackageManager.Tests", "Sage.PackageManager.Tests\Sage.PackageManager.Tests.csproj", "{DC2F94A6-8CA2-4DE6-860D-3E711FBAC769}"
EndProject
Project("{9A19103F-16F7-4668-BE54-9A1E7A4F7556}") = "vscode", "vscode\vscode.proj", "{48F56A6B-A285-4B40-9E96-044F7AA2C532}"
EndProject
Global
	GlobalSection(SolutionConfigurationPlatforms) = preSolution
		Debug|Any CPU = Debug|Any CPU
		Release|Any CPU = Release|Any CPU
	EndGlobalSection
	GlobalSection(ProjectConfigurationPlatforms) = postSolution
		{5F3C4C0B-0845-4602-B1BD-3C28FA048365}.Debug|Any CPU.ActiveCfg = Debug|Any CPU
		{5F3C4C0B-0845-4602-B1BD-3C28FA048365}.Debug|Any CPU.Build.0 = Debug|Any CPU
		{5F3C4C0B-0845-4602-B1BD-3C28FA048365}.Release|Any CPU.ActiveCfg = Release|Any CPU
		{5F3C4C0B-0845-4602-B1BD-3C28FA048365}.Release|Any CPU.Build.0 = Release|Any CPU
		{44035D51-DF2A-4CDF-B71F-515FEA567885}.Debug|Any CPU.ActiveCfg = Debug|Any CPU
		{44035D51-DF2A-4CDF-B71F-515FEA567885}.Debug|Any CPU.Build.0 = Debug|Any CPU
		{44035D51-DF2A-4CDF-B71F-515FEA567885}.Release|Any CPU.ActiveCfg = Release|Any CPU
		{44035D51-DF2A-4CDF-B71F-515FEA567885}.Release|Any CPU.Build.0 = Release|Any CPU
		{3A667932-4756-4F6D-9619-812CA002B2B0}.Debug|Any CPU.ActiveCfg = Debug|Any CPU
		{3A667932-4756-4F6D-9619-812CA002B2B0}.Debug|Any CPU.Build.0 = Debug|Any CPU
		{3A667932-4756-4F6D-9619-812CA002B2B0}.Release|Any CPU.ActiveCfg = Release|Any CPU
		{3A667932-4756-4F6D-9619-812CA002B2B0}.Release|Any CPU.Build.0 = Release|Any CPU
		{901F09B5-E27E-4E94-9CC3-560784D73E53}.Debug|Any CPU.ActiveCfg = Debug|Any CPU
		{901F09B5-E27E-4E94-9CC3-560784D73E53}.Debug|Any CPU.Build.0 = Debug|Any CPU
		{901F09B5-E27E-4E94-9CC3-560784D73E53}.Release|Any CPU.ActiveCfg = Release|Any CPU
		{901F09B5-E27E-4E94-9CC3-560784D73E53}.Release|Any CPU.Build.0 = Release|Any CPU
		{BEDD5FF0-4677-4EC0-A984-ECD19B9FB63B}.Debug|Any CPU.ActiveCfg = Debug|Any CPU
		{BEDD5FF0-4677-4EC0-A984-ECD19B9FB63B}.Debug|Any CPU.Build.0 = Debug|Any CPU
		{BEDD5FF0-4677-4EC0-A984-ECD19B9FB63B}.Release|Any CPU.ActiveCfg = Release|Any CPU
		{BEDD5FF0-4677-4EC0-A984-ECD19B9FB63B}.Release|Any CPU.Build.0 = Release|Any CPU
		{19767037-EBDC-46F2-B017-8B5EC6A04802}.Debug|Any CPU.ActiveCfg = Debug|Any CPU
		{19767037-EBDC-46F2-B017-8B5EC6A04802}.Debug|Any CPU.Build.0 = Debug|Any CPU
		{19767037-EBDC-46F2-B017-8B5EC6A04802}.Release|Any CPU.ActiveCfg = Release|Any CPU
		{19767037-EBDC-46F2-B017-8B5EC6A04802}.Release|Any CPU.Build.0 = Release|Any CPU
		{DC2F94A6-8CA2-4DE6-860D-3E711FBAC769}.Debug|Any CPU.ActiveCfg = Debug|Any CPU
		{DC2F94A6-8CA2-4DE6-860D-3E711FBAC769}.Debug|Any CPU.Build.0 = Debug|Any CPU
		{DC2F94A6-8CA2-4DE6-860D-3E711FBAC769}.Release|Any CPU.ActiveCfg = Release|Any CPU
		{DC2F94A6-8CA2-4DE6-860D-3E711FBAC769}.Release|Any CPU.Build.0 = Release|Any CPU
		{48F56A6B-A285-4B40-9E96-044F7AA2C532}.Debug|Any CPU.ActiveCfg = Debug|Any CPU
		{48F56A6B-A285-4B40-9E96-044F7AA2C532}.Debug|Any CPU.Build.0 = Debug|Any CPU
		{48F56A6B-A285-4B40-9E96-044F7AA2C532}.Release|Any CPU.ActiveCfg = Release|Any CPU
		{48F56A6B-A285-4B40-9E96-044F7AA2C532}.Release|Any CPU.Build.0 = Release|Any CPU
	EndGlobalSection
	GlobalSection(SolutionProperties) = preSolution
		HideSolutionNode = FALSE
	EndGlobalSection
	GlobalSection(ExtensibilityGlobals) = postSolution
		SolutionGuid = {CE814E64-BB2D-4652-BF6F-9BF23DF4A21E}
	EndGlobalSection
EndGlobal
